{
  "name": "warduino-testsuite",
  "version": "1.0.0",
  "lockfileVersion": 3,
  "requires": true,
  "packages": {
    "": {
      "name": "warduino-testsuite",
      "version": "1.0.0",
      "dependencies": {
        "latch": "file:./latch-0.0.1.tgz"
      }
    },
    "node_modules/latch": {
      "version": "0.0.1",
      "resolved": "file:latch-0.0.1.tgz",
      "integrity": "sha512-FJjY3UvDKJxymDp0d9z8cAXUAenNEZEKPxz7x2T8DrhnyHItQ86c03u7UOz2q9PjLAHY2KYMnF3VQMblMC7Sqw==",
      "bin": {
        "latch": "bin/latch"
      }
    }
  }
}
